
Microsoft Visual Studio Solution File, Format Version 12.00
# Visual Studio Version 17
VisualStudioVersion = 17.2.32505.173
MinimumVisualStudioVersion = 10.0.40219.1
Project("{FAE04EC0-301F-11D3-BF4B-00C04F79EFBC}") = "TrabalhoPratico-Backend", "TrabalhoPratico-Backend\TrabalhoPratico-Backend.csproj", "{2074D0EF-172A-4898-BBC0-FCB711F3DFAE}"
EndProject
Global
	GlobalSection(SolutionConfigurationPlatforms) = preSolution
		Debug|Any CPU = Debug|Any CPU
		Release|Any CPU = Release|Any CPU
	EndGlobalSection
	GlobalSection(ProjectConfigurationPlatforms) = postSolution
		{2074D0EF-172A-4898-BBC0-FCB711F3DFAE}.Debug|Any CPU.ActiveCfg = Debug|Any CPU
		{2074D0EF-172A-4898-BBC0-FCB711F3DFAE}.Debug|Any CPU.Build.0 = Debug|Any CPU
		{2074D0EF-172A-4898-BBC0-FCB711F3DFAE}.Release|Any CPU.ActiveCfg = Release|Any CPU
		{2074D0EF-172A-4898-BBC0-FCB711F3DFAE}.Release|Any CPU.Build.0 = Release|Any CPU
	EndGlobalSection
	GlobalSection(SolutionProperties) = preSolution
		HideSolutionNode = FALSE
	EndGlobalSection
	GlobalSection(ExtensibilityGlobals) = postSolution
		SolutionGuid = {0A2F59C5-4227-4265-9BBF-96AC87FF3A0E}
	EndGlobalSection
EndGlobal
